
Microsoft Visual Studio Solution File, Format Version 12.00
# Visual Studio 15
VisualStudioVersion = 15.0.26730.16
MinimumVisualStudioVersion = 10.0.40219.1
Project("{FAE04EC0-301F-11D3-BF4B-00C04F79EFBC}") = "FileGrouper", "FileGrouper\FileGrouper.csproj", "{2555FBC2-D2A8-449D-AAC9-2B5119D9C795}"
EndProject
Global
	GlobalSection(SolutionConfigurationPlatforms) = preSolution
		Debug|Any CPU = Debug|Any CPU
		Release|Any CPU = Release|Any CPU
	EndGlobalSection
	GlobalSection(ProjectConfigurationPlatforms) = postSolution
		{2555FBC2-D2A8-449D-AAC9-2B5119D9C795}.Debug|Any CPU.ActiveCfg = Debug|Any CPU
		{2555FBC2-D2A8-449D-AAC9-2B5119D9C795}.Debug|Any CPU.Build.0 = Debug|Any CPU
		{2555FBC2-D2A8-449D-AAC9-2B5119D9C795}.Release|Any CPU.ActiveCfg = Release|Any CPU
		{2555FBC2-D2A8-449D-AAC9-2B5119D9C795}.Release|Any CPU.Build.0 = Release|Any CPU
	EndGlobalSection
	GlobalSection(SolutionProperties) = preSolution
		HideSolutionNode = FALSE
	EndGlobalSection
	GlobalSection(ExtensibilityGlobals) = postSolution
		SolutionGuid = {1A3EF4BE-09BD-4A43-85D4-F4B45368B8D3}
	EndGlobalSection
EndGlobal
